
Microsoft Visual Studio Solution File, Format Version 12.00
# Visual Studio 15
VisualStudioVersion = 15.0.27703.2042
MinimumVisualStudioVersion = 10.0.40219.1
Project("{FAE04EC0-301F-11D3-BF4B-00C04F79EFBC}") = "Cart", "Cart\Cart.csproj", "{C84D9CEF-3312-4497-B526-B7F23C471BB6}"
EndProject
Global
	GlobalSection(SolutionConfigurationPlatforms) = preSolution
		Debug|Any CPU = Debug|Any CPU
		Release|Any CPU = Release|Any CPU
	EndGlobalSection
	GlobalSection(ProjectConfigurationPlatforms) = postSolution
		{C84D9CEF-3312-4497-B526-B7F23C471BB6}.Debug|Any CPU.ActiveCfg = Debug|Any CPU
		{C84D9CEF-3312-4497-B526-B7F23C471BB6}.Debug|Any CPU.Build.0 = Debug|Any CPU
		{C84D9CEF-3312-4497-B526-B7F23C471BB6}.Release|Any CPU.ActiveCfg = Release|Any CPU
		{C84D9CEF-3312-4497-B526-B7F23C471BB6}.Release|Any CPU.Build.0 = Release|Any CPU
	EndGlobalSection
	GlobalSection(SolutionProperties) = preSolution
		HideSolutionNode = FALSE
	EndGlobalSection
	GlobalSection(ExtensibilityGlobals) = postSolution
		SolutionGuid = {839FB9E3-C008-4484-B4F5-32F0E211CB26}
	EndGlobalSection
EndGlobal
