
Microsoft Visual Studio Solution File, Format Version 12.00
# Visual Studio 15
VisualStudioVersion = 15.0.27703.2042
MinimumVisualStudioVersion = 10.0.40219.1
Project("{FAE04EC0-301F-11D3-BF4B-00C04F79EFBC}") = "SOLIDSCart", "SOLIDSCart\SOLIDSCart.csproj", "{A941E513-DA19-41C0-AD6B-CF73670C3048}"
EndProject
Project("{9A19103F-16F7-4668-BE54-9A1E7A4F7556}") = "Cart", "Cart\Cart.csproj", "{32C72C09-47AC-404C-A302-A3D92C2D97CA}"
EndProject
Project("{FAE04EC0-301F-11D3-BF4B-00C04F79EFBC}") = "ITEMSclass", "ITEMSclass\ITEMSclass.csproj", "{D12D7A2A-A02B-4D5E-97E1-798CAF754987}"
EndProject
Project("{FAE04EC0-301F-11D3-BF4B-00C04F79EFBC}") = "Ops", "Ops\Ops.csproj", "{DE88BBBE-9BEB-43AF-AA44-A2A56C1861F1}"
EndProject
Global
	GlobalSection(SolutionConfigurationPlatforms) = preSolution
		Debug|Any CPU = Debug|Any CPU
		Release|Any CPU = Release|Any CPU
	EndGlobalSection
	GlobalSection(ProjectConfigurationPlatforms) = postSolution
		{A941E513-DA19-41C0-AD6B-CF73670C3048}.Debug|Any CPU.ActiveCfg = Debug|Any CPU
		{A941E513-DA19-41C0-AD6B-CF73670C3048}.Debug|Any CPU.Build.0 = Debug|Any CPU
		{A941E513-DA19-41C0-AD6B-CF73670C3048}.Release|Any CPU.ActiveCfg = Release|Any CPU
		{A941E513-DA19-41C0-AD6B-CF73670C3048}.Release|Any CPU.Build.0 = Release|Any CPU
		{32C72C09-47AC-404C-A302-A3D92C2D97CA}.Debug|Any CPU.ActiveCfg = Debug|Any CPU
		{32C72C09-47AC-404C-A302-A3D92C2D97CA}.Debug|Any CPU.Build.0 = Debug|Any CPU
		{32C72C09-47AC-404C-A302-A3D92C2D97CA}.Release|Any CPU.ActiveCfg = Release|Any CPU
		{32C72C09-47AC-404C-A302-A3D92C2D97CA}.Release|Any CPU.Build.0 = Release|Any CPU
		{D12D7A2A-A02B-4D5E-97E1-798CAF754987}.Debug|Any CPU.ActiveCfg = Debug|Any CPU
		{D12D7A2A-A02B-4D5E-97E1-798CAF754987}.Debug|Any CPU.Build.0 = Debug|Any CPU
		{D12D7A2A-A02B-4D5E-97E1-798CAF754987}.Release|Any CPU.ActiveCfg = Release|Any CPU
		{D12D7A2A-A02B-4D5E-97E1-798CAF754987}.Release|Any CPU.Build.0 = Release|Any CPU
		{DE88BBBE-9BEB-43AF-AA44-A2A56C1861F1}.Debug|Any CPU.ActiveCfg = Debug|Any CPU
		{DE88BBBE-9BEB-43AF-AA44-A2A56C1861F1}.Debug|Any CPU.Build.0 = Debug|Any CPU
		{DE88BBBE-9BEB-43AF-AA44-A2A56C1861F1}.Release|Any CPU.ActiveCfg = Release|Any CPU
		{DE88BBBE-9BEB-43AF-AA44-A2A56C1861F1}.Release|Any CPU.Build.0 = Release|Any CPU
	EndGlobalSection
	GlobalSection(SolutionProperties) = preSolution
		HideSolutionNode = FALSE
	EndGlobalSection
	GlobalSection(ExtensibilityGlobals) = postSolution
		SolutionGuid = {3F03E858-8DD9-41B2-8550-728193D7F783}
	EndGlobalSection
EndGlobal
